
Microsoft Visual Studio Solution File, Format Version 12.00
# Visual Studio Version 17
VisualStudioVersion = 17.8.34322.80
MinimumVisualStudioVersion = 10.0.40219.1
Project("{9A19103F-16F7-4668-BE54-9A1E7A4F7556}") = "app", "app\app.csproj", "{215D850C-6CAF-49F9-A27C-E06F1904C59E}"
EndProject
Global
	GlobalSection(SolutionConfigurationPlatforms) = preSolution
		Debug|Any CPU = Debug|Any CPU
		Release|Any CPU = Release|Any CPU
	EndGlobalSection
	GlobalSection(ProjectConfigurationPlatforms) = postSolution
		{215D850C-6CAF-49F9-A27C-E06F1904C59E}.Debug|Any CPU.ActiveCfg = Debug|Any CPU
		{215D850C-6CAF-49F9-A27C-E06F1904C59E}.Debug|Any CPU.Build.0 = Debug|Any CPU
		{215D850C-6CAF-49F9-A27C-E06F1904C59E}.Release|Any CPU.ActiveCfg = Release|Any CPU
		{215D850C-6CAF-49F9-A27C-E06F1904C59E}.Release|Any CPU.Build.0 = Release|Any CPU
	EndGlobalSection
	GlobalSection(SolutionProperties) = preSolution
		HideSolutionNode = FALSE
	EndGlobalSection
	GlobalSection(ExtensibilityGlobals) = postSolution
		SolutionGuid = {1F8708BC-1F84-4F05-82B0-4876B6D0B1BD}
	EndGlobalSection
EndGlobal
